
Microsoft Visual Studio Solution File, Format Version 12.00
# Visual Studio Version 17
VisualStudioVersion = 17.8.34322.80
MinimumVisualStudioVersion = 10.0.40219.1
Project("{FAE04EC0-301F-11D3-BF4B-00C04F79EFBC}") = "D24", "D24\D24.csproj", "{688C0223-A52B-439A-A37F-93B2D6ACECCE}"
EndProject
Global
	GlobalSection(SolutionConfigurationPlatforms) = preSolution
		Debug|Any CPU = Debug|Any CPU
		Release|Any CPU = Release|Any CPU
	EndGlobalSection
	GlobalSection(ProjectConfigurationPlatforms) = postSolution
		{688C0223-A52B-439A-A37F-93B2D6ACECCE}.Debug|Any CPU.ActiveCfg = Debug|Any CPU
		{688C0223-A52B-439A-A37F-93B2D6ACECCE}.Debug|Any CPU.Build.0 = Debug|Any CPU
		{688C0223-A52B-439A-A37F-93B2D6ACECCE}.Release|Any CPU.ActiveCfg = Release|Any CPU
		{688C0223-A52B-439A-A37F-93B2D6ACECCE}.Release|Any CPU.Build.0 = Release|Any CPU
	EndGlobalSection
	GlobalSection(SolutionProperties) = preSolution
		HideSolutionNode = FALSE
	EndGlobalSection
	GlobalSection(ExtensibilityGlobals) = postSolution
		SolutionGuid = {9EF6A9F9-467A-4DD7-B3F9-5155139B535E}
	EndGlobalSection
EndGlobal
