
Microsoft Visual Studio Solution File, Format Version 12.00
# Visual Studio Version 17
VisualStudioVersion = 17.7.34031.279
MinimumVisualStudioVersion = 10.0.40219.1
Project("{FAE04EC0-301F-11D3-BF4B-00C04F79EFBC}") = "D02", "D02\D02.csproj", "{3765CE8E-DB80-4E68-A21B-DA695C65909B}"
EndProject
Global
	GlobalSection(SolutionConfigurationPlatforms) = preSolution
		Debug|Any CPU = Debug|Any CPU
		Release|Any CPU = Release|Any CPU
	EndGlobalSection
	GlobalSection(ProjectConfigurationPlatforms) = postSolution
		{3765CE8E-DB80-4E68-A21B-DA695C65909B}.Debug|Any CPU.ActiveCfg = Debug|Any CPU
		{3765CE8E-DB80-4E68-A21B-DA695C65909B}.Debug|Any CPU.Build.0 = Debug|Any CPU
		{3765CE8E-DB80-4E68-A21B-DA695C65909B}.Release|Any CPU.ActiveCfg = Release|Any CPU
		{3765CE8E-DB80-4E68-A21B-DA695C65909B}.Release|Any CPU.Build.0 = Release|Any CPU
	EndGlobalSection
	GlobalSection(SolutionProperties) = preSolution
		HideSolutionNode = FALSE
	EndGlobalSection
	GlobalSection(ExtensibilityGlobals) = postSolution
		SolutionGuid = {DC284863-C20F-4E01-B358-6E9A87F1D9C8}
	EndGlobalSection
EndGlobal
