
Microsoft Visual Studio Solution File, Format Version 12.00
# Visual Studio Version 17
VisualStudioVersion = 17.8.34322.80
MinimumVisualStudioVersion = 10.0.40219.1
Project("{FAE04EC0-301F-11D3-BF4B-00C04F79EFBC}") = "D25", "D25\D25.csproj", "{FD91A194-C0E2-4B05-AD33-23D0BE0EBEC4}"
EndProject
Global
	GlobalSection(SolutionConfigurationPlatforms) = preSolution
		Debug|Any CPU = Debug|Any CPU
		Release|Any CPU = Release|Any CPU
	EndGlobalSection
	GlobalSection(ProjectConfigurationPlatforms) = postSolution
		{FD91A194-C0E2-4B05-AD33-23D0BE0EBEC4}.Debug|Any CPU.ActiveCfg = Debug|Any CPU
		{FD91A194-C0E2-4B05-AD33-23D0BE0EBEC4}.Debug|Any CPU.Build.0 = Debug|Any CPU
		{FD91A194-C0E2-4B05-AD33-23D0BE0EBEC4}.Release|Any CPU.ActiveCfg = Release|Any CPU
		{FD91A194-C0E2-4B05-AD33-23D0BE0EBEC4}.Release|Any CPU.Build.0 = Release|Any CPU
	EndGlobalSection
	GlobalSection(SolutionProperties) = preSolution
		HideSolutionNode = FALSE
	EndGlobalSection
	GlobalSection(ExtensibilityGlobals) = postSolution
		SolutionGuid = {FE70B879-EBE1-4674-89A5-6ED51313CBDF}
	EndGlobalSection
EndGlobal
