
Microsoft Visual Studio Solution File, Format Version 12.00
# Visual Studio Version 17
VisualStudioVersion = 17.8.34322.80
MinimumVisualStudioVersion = 10.0.40219.1
Project("{FAE04EC0-301F-11D3-BF4B-00C04F79EFBC}") = "D15", "D15\D15.csproj", "{84EAFDDA-072C-4BCA-8E79-829BF5FD38D1}"
EndProject
Global
	GlobalSection(SolutionConfigurationPlatforms) = preSolution
		Debug|Any CPU = Debug|Any CPU
		Release|Any CPU = Release|Any CPU
	EndGlobalSection
	GlobalSection(ProjectConfigurationPlatforms) = postSolution
		{84EAFDDA-072C-4BCA-8E79-829BF5FD38D1}.Debug|Any CPU.ActiveCfg = Debug|Any CPU
		{84EAFDDA-072C-4BCA-8E79-829BF5FD38D1}.Debug|Any CPU.Build.0 = Debug|Any CPU
		{84EAFDDA-072C-4BCA-8E79-829BF5FD38D1}.Release|Any CPU.ActiveCfg = Release|Any CPU
		{84EAFDDA-072C-4BCA-8E79-829BF5FD38D1}.Release|Any CPU.Build.0 = Release|Any CPU
	EndGlobalSection
	GlobalSection(SolutionProperties) = preSolution
		HideSolutionNode = FALSE
	EndGlobalSection
	GlobalSection(ExtensibilityGlobals) = postSolution
		SolutionGuid = {8A2DA822-95E4-447D-BD3E-D713614C48FC}
	EndGlobalSection
EndGlobal
