
Microsoft Visual Studio Solution File, Format Version 12.00
# Visual Studio Version 17
VisualStudioVersion = 17.8.34322.80
MinimumVisualStudioVersion = 10.0.40219.1
Project("{FAE04EC0-301F-11D3-BF4B-00C04F79EFBC}") = "D12", "D12\D12.csproj", "{29A6D579-48C1-4262-93F0-51C9F106D6BD}"
EndProject
Global
	GlobalSection(SolutionConfigurationPlatforms) = preSolution
		Debug|Any CPU = Debug|Any CPU
		Release|Any CPU = Release|Any CPU
	EndGlobalSection
	GlobalSection(ProjectConfigurationPlatforms) = postSolution
		{29A6D579-48C1-4262-93F0-51C9F106D6BD}.Debug|Any CPU.ActiveCfg = Debug|Any CPU
		{29A6D579-48C1-4262-93F0-51C9F106D6BD}.Debug|Any CPU.Build.0 = Debug|Any CPU
		{29A6D579-48C1-4262-93F0-51C9F106D6BD}.Release|Any CPU.ActiveCfg = Release|Any CPU
		{29A6D579-48C1-4262-93F0-51C9F106D6BD}.Release|Any CPU.Build.0 = Release|Any CPU
	EndGlobalSection
	GlobalSection(SolutionProperties) = preSolution
		HideSolutionNode = FALSE
	EndGlobalSection
	GlobalSection(ExtensibilityGlobals) = postSolution
		SolutionGuid = {01342B32-3668-4A32-B76A-9706DF728BD4}
	EndGlobalSection
EndGlobal
