
Microsoft Visual Studio Solution File, Format Version 12.00
# Visual Studio Version 17
VisualStudioVersion = 17.8.34322.80
MinimumVisualStudioVersion = 10.0.40219.1
Project("{FAE04EC0-301F-11D3-BF4B-00C04F79EFBC}") = "D19", "D19\D19.csproj", "{49B96D43-8B8F-4EA5-AE4F-9FD8E784D867}"
EndProject
Global
	GlobalSection(SolutionConfigurationPlatforms) = preSolution
		Debug|Any CPU = Debug|Any CPU
		Release|Any CPU = Release|Any CPU
	EndGlobalSection
	GlobalSection(ProjectConfigurationPlatforms) = postSolution
		{49B96D43-8B8F-4EA5-AE4F-9FD8E784D867}.Debug|Any CPU.ActiveCfg = Debug|Any CPU
		{49B96D43-8B8F-4EA5-AE4F-9FD8E784D867}.Debug|Any CPU.Build.0 = Debug|Any CPU
		{49B96D43-8B8F-4EA5-AE4F-9FD8E784D867}.Release|Any CPU.ActiveCfg = Release|Any CPU
		{49B96D43-8B8F-4EA5-AE4F-9FD8E784D867}.Release|Any CPU.Build.0 = Release|Any CPU
	EndGlobalSection
	GlobalSection(SolutionProperties) = preSolution
		HideSolutionNode = FALSE
	EndGlobalSection
	GlobalSection(ExtensibilityGlobals) = postSolution
		SolutionGuid = {21C17E71-AB7B-482F-904A-425EAEE745B0}
	EndGlobalSection
EndGlobal
