
Microsoft Visual Studio Solution File, Format Version 12.00
# Visual Studio Version 17
VisualStudioVersion = 17.8.34322.80
MinimumVisualStudioVersion = 10.0.40219.1
Project("{FAE04EC0-301F-11D3-BF4B-00C04F79EFBC}") = "D13", "D13\D13.csproj", "{4D178013-BFDB-491B-8BA9-AF95E240A69D}"
EndProject
Global
	GlobalSection(SolutionConfigurationPlatforms) = preSolution
		Debug|Any CPU = Debug|Any CPU
		Release|Any CPU = Release|Any CPU
	EndGlobalSection
	GlobalSection(ProjectConfigurationPlatforms) = postSolution
		{4D178013-BFDB-491B-8BA9-AF95E240A69D}.Debug|Any CPU.ActiveCfg = Debug|Any CPU
		{4D178013-BFDB-491B-8BA9-AF95E240A69D}.Debug|Any CPU.Build.0 = Debug|Any CPU
		{4D178013-BFDB-491B-8BA9-AF95E240A69D}.Release|Any CPU.ActiveCfg = Release|Any CPU
		{4D178013-BFDB-491B-8BA9-AF95E240A69D}.Release|Any CPU.Build.0 = Release|Any CPU
	EndGlobalSection
	GlobalSection(SolutionProperties) = preSolution
		HideSolutionNode = FALSE
	EndGlobalSection
	GlobalSection(ExtensibilityGlobals) = postSolution
		SolutionGuid = {04C0864D-A555-4600-B3C7-704C64F2E8D5}
	EndGlobalSection
EndGlobal
